lockfileVersion: '9.0'

settings:
  autoInstallPeers: true
  excludeLinksFromLockfile: false

importers:

  .:
    dependencies:
      lenis:
        specifier: ^1.3.11
        version: 1.3.11
      ws:
        specifier: ^8.18.3
        version: 8.18.3

packages:

  lenis@1.3.11:
    resolution: {integrity: sha512-lkyBnNTVwJzlupp+VL6LTn62WeT8WponuLpmTU0Z20cMwMsLLjqbSqwuA7I1yKSVWCBj/awo4jnFzOMOVCB8OQ==}
    peerDependencies:
      '@nuxt/kit': '>=3.0.0'
      react: '>=17.0.0'
      vue: '>=3.0.0'
    peerDependenciesMeta:
      '@nuxt/kit':
        optional: true
      react:
        optional: true
      vue:
        optional: true

  ws@8.18.3:
    resolution: {integrity: sha512-PEIGCY5tSlUt50cqyMXfCzX+oOPqN0vuGqWzbcJ2xvnkzkq46oOpz7dQaTDBdfICb4N14+GARUDw2XV2N4tvzg==}
    engines: {node: '>=10.0.0'}
    peerDependencies:
      bufferutil: ^4.0.1
      utf-8-validate: '>=5.0.2'
    peerDependenciesMeta:
      bufferutil:
        optional: true
      utf-8-validate:
        optional: true

snapshots:

  lenis@1.3.11: {}

  ws@8.18.3: {}
